
Microsoft Visual Studio Solution File, Format Version 12.00
# Visual Studio 15
VisualStudioVersion = 15.0.28010.2050
MinimumVisualStudioVersion = 10.0.40219.1
Project("{FAE04EC0-301F-11D3-BF4B-00C04F79EFBC}") = "WindowsFormsApp", "WindowsFormsApp\WindowsFormsApp.csproj", "{B768F8D9-1149-4820-8D41-75F6F823B21F}"
EndProject
Global
	GlobalSection(SolutionConfigurationPlatforms) = preSolution
		Debug|Any CPU = Debug|Any CPU
		Release|Any CPU = Release|Any CPU
	EndGlobalSection
	GlobalSection(ProjectConfigurationPlatforms) = postSolution
		{B768F8D9-1149-4820-8D41-75F6F823B21F}.Debug|Any CPU.ActiveCfg = Debug|Any CPU
		{B768F8D9-1149-4820-8D41-75F6F823B21F}.Debug|Any CPU.Build.0 = Debug|Any CPU
		{B768F8D9-1149-4820-8D41-75F6F823B21F}.Release|Any CPU.ActiveCfg = Release|Any CPU
		{B768F8D9-1149-4820-8D41-75F6F823B21F}.Release|Any CPU.Build.0 = Release|Any CPU
	EndGlobalSection
	GlobalSection(SolutionProperties) = preSolution
		HideSolutionNode = FALSE
	EndGlobalSection
	GlobalSection(ExtensibilityGlobals) = postSolution
		SolutionGuid = {F2D03193-5B33-4A83-BEFA-63F907E3F3F5}
	EndGlobalSection
EndGlobal
